// !$*UTF8*$!
{
	archiveVersion = 1;
	classes = {
	};
	objectVersion = 56;
	objects = {

/* Begin PBXBuildFile section */
		6607129F2B3D141600EDBAD9 /* ExpenseTabView.swift in Sources */ = {isa = PBXBuildFile; fileRef = 6607129E2B3D141600EDBAD9 /* ExpenseTabView.swift */; };
		660712A32B3E162A00EDBAD9 /* FinancialOverviewView.swift in Sources */ = {isa = PBXBuildFile; fileRef = 660712A22B3E162A00EDBAD9 /* FinancialOverviewView.swift */; };
		660712A72B3E168C00EDBAD9 /* ProfileSettingsView.swift in Sources */ = {isa = PBXBuildFile; fileRef = 660712A62B3E168C00EDBAD9 /* ProfileSettingsView.swift */; };
		660712AA2B3E17F000EDBAD9 /* TransactionListView.swift in Sources */ = {isa = PBXBuildFile; fileRef = 660712A92B3E17F000EDBAD9 /* TransactionListView.swift */; };
		665A2B212B34DA20003627EA /* DefaultData.swift in Sources */ = {isa = PBXBuildFile; fileRef = 665A2B202B34DA20003627EA /* DefaultData.swift */; };
		665A2B232B34E1C1003627EA /* UserData.swift in Sources */ = {isa = PBXBuildFile; fileRef = 665A2B222B34E1C1003627EA /* UserData.swift */; };
		6685A9EE2B32184D00E3344A /* NewTransactionSubmission.swift in Sources */ = {isa = PBXBuildFile; fileRef = 6685A9ED2B32184D00E3344A /* NewTransactionSubmission.swift */; };
		6685A9F02B321DD500E3344A /* SubcategoryTransactionList.swift in Sources */ = {isa = PBXBuildFile; fileRef = 6685A9EF2B321DD500E3344A /* SubcategoryTransactionList.swift */; };
		66B2B08E2B276686001E9813 /* SubcategoryGridView.swift in Sources */ = {isa = PBXBuildFile; fileRef = 66B2B08D2B276686001E9813 /* SubcategoryGridView.swift */; };
		66B2B0942B278434001E9813 /* Category.swift in Sources */ = {isa = PBXBuildFile; fileRef = 66B2B0932B278434001E9813 /* Category.swift */; };
		66EC8DEA2B26BE7400DE835D /* Expense_TrackerApp.swift in Sources */ = {isa = PBXBuildFile; fileRef = 66EC8DE92B26BE7400DE835D /* Expense_TrackerApp.swift */; };
		66EC8DEE2B26BE7700DE835D /* Assets.xcassets in Resources */ = {isa = PBXBuildFile; fileRef = 66EC8DED2B26BE7700DE835D /* Assets.xcassets */; };
		66EC8DF12B26BE7700DE835D /* Preview Assets.xcassets in Resources */ = {isa = PBXBuildFile; fileRef = 66EC8DF02B26BE7700DE835D /* Preview Assets.xcassets */; };
		66EC8DF82B274AD000DE835D /* SubcategoryGridCell.swift in Sources */ = {isa = PBXBuildFile; fileRef = 66EC8DF72B274AD000DE835D /* SubcategoryGridCell.swift */; };
		66F70EFF2B296BB300484011 /* Subcategory.swift in Sources */ = {isa = PBXBuildFile; fileRef = 66F70EFE2B296BB300484011 /* Subcategory.swift */; };
		66F70F012B2970A600484011 /* TransactionItem.swift in Sources */ = {isa = PBXBuildFile; fileRef = 66F70F002B2970A600484011 /* TransactionItem.swift */; };
		66F70F062B297EBF00484011 /* SubcategoryDetailView.swift in Sources */ = {isa = PBXBuildFile; fileRef = 66F70F052B297EBF00484011 /* SubcategoryDetailView.swift */; };
		66F70F0A2B2AC42D00484011 /* TransactionListCell.swift in Sources */ = {isa = PBXBuildFile; fileRef = 66F70F092B2AC42D00484011 /* TransactionListCell.swift */; };
/* End PBXBuildFile section */

/* Begin PBXFileReference section */
		6607129E2B3D141600EDBAD9 /* ExpenseTabView.swift */ = {isa = PBXFileReference; lastKnownFileType = sourcecode.swift; path = ExpenseTabView.swift; sourceTree = "<group>"; };
		660712A22B3E162A00EDBAD9 /* FinancialOverviewView.swift */ = {isa = PBXFileReference; lastKnownFileType = sourcecode.swift; path = FinancialOverviewView.swift; sourceTree = "<group>"; };
		660712A62B3E168C00EDBAD9 /* ProfileSettingsView.swift */ = {isa = PBXFileReference; lastKnownFileType = sourcecode.swift; path = ProfileSettingsView.swift; sourceTree = "<group>"; };
		660712A92B3E17F000EDBAD9 /* TransactionListView.swift */ = {isa = PBXFileReference; lastKnownFileType = sourcecode.swift; path = TransactionListView.swift; sourceTree = "<group>"; };
		665A2B202B34DA20003627EA /* DefaultData.swift */ = {isa = PBXFileReference; lastKnownFileType = sourcecode.swift; path = DefaultData.swift; sourceTree = "<group>"; };
		665A2B222B34E1C1003627EA /* UserData.swift */ = {isa = PBXFileReference; lastKnownFileType = sourcecode.swift; path = UserData.swift; sourceTree = "<group>"; };
		6685A9ED2B32184D00E3344A /* NewTransactionSubmission.swift */ = {isa = PBXFileReference; lastKnownFileType = sourcecode.swift; path = NewTransactionSubmission.swift; sourceTree = "<group>"; };
		6685A9EF2B321DD500E3344A /* SubcategoryTransactionList.swift */ = {isa = PBXFileReference; lastKnownFileType = sourcecode.swift; path = SubcategoryTransactionList.swift; sourceTree = "<group>"; };
		66B2B08D2B276686001E9813 /* SubcategoryGridView.swift */ = {isa = PBXFileReference; lastKnownFileType = sourcecode.swift; path = SubcategoryGridView.swift; sourceTree = "<group>"; };
		66B2B0932B278434001E9813 /* Category.swift */ = {isa = PBXFileReference; lastKnownFileType = sourcecode.swift; path = Category.swift; sourceTree = "<group>"; };
		66EC8DE62B26BE7400DE835D /* Expense-Tracker.app */ = {isa = PBXFileReference; explicitFileType = wrapper.application; includeInIndex = 0; path = "Expense-Tracker.app"; sourceTree = BUILT_PRODUCTS_DIR; };
		66EC8DE92B26BE7400DE835D /* Expense_TrackerApp.swift */ = {isa = PBXFileReference; lastKnownFileType = sourcecode.swift; path = Expense_TrackerApp.swift; sourceTree = "<group>"; };
		66EC8DED2B26BE7700DE835D /* Assets.xcassets */ = {isa = PBXFileReference; lastKnownFileType = folder.assetcatalog; path = Assets.xcassets; sourceTree = "<group>"; };
		66EC8DF02B26BE7700DE835D /* Preview Assets.xcassets */ = {isa = PBXFileReference; lastKnownFileType = folder.assetcatalog; path = "Preview Assets.xcassets"; sourceTree = "<group>"; };
		66EC8DF72B274AD000DE835D /* SubcategoryGridCell.swift */ = {isa = PBXFileReference; lastKnownFileType = sourcecode.swift; path = SubcategoryGridCell.swift; sourceTree = "<group>"; };
		66F70EFE2B296BB300484011 /* Subcategory.swift */ = {isa = PBXFileReference; lastKnownFileType = sourcecode.swift; path = Subcategory.swift; sourceTree = "<group>"; };
		66F70F002B2970A600484011 /* TransactionItem.swift */ = {isa = PBXFileReference; lastKnownFileType = sourcecode.swift; path = TransactionItem.swift; sourceTree = "<group>"; };
		66F70F052B297EBF00484011 /* SubcategoryDetailView.swift */ = {isa = PBXFileReference; lastKnownFileType = sourcecode.swift; path = SubcategoryDetailView.swift; sourceTree = "<group>"; };
		66F70F092B2AC42D00484011 /* TransactionListCell.swift */ = {isa = PBXFileReference; lastKnownFileType = sourcecode.swift; path = TransactionListCell.swift; sourceTree = "<group>"; };
/* End PBXFileReference section */

/* Begin PBXFrameworksBuildPhase section */
		66EC8DE32B26BE7400DE835D /* Frameworks */ = {
			isa = PBXFrameworksBuildPhase;
			buildActionMask = 2147483647;
			files = (
			);
			runOnlyForDeploymentPostprocessing = 0;
		};
/* End PBXFrameworksBuildPhase section */

/* Begin PBXGroup section */
		6607129D2B3D13E400EDBAD9 /* Subcategroy Grid */ = {
			isa = PBXGroup;
			children = (
				66B2B08D2B276686001E9813 /* SubcategoryGridView.swift */,
			);
			path = "Subcategroy Grid";
			sourceTree = "<group>";
		};
		660712A02B3E158500EDBAD9 /* Profile Settings */ = {
			isa = PBXGroup;
			children = (
				660712A62B3E168C00EDBAD9 /* ProfileSettingsView.swift */,
			);
			path = "Profile Settings";
			sourceTree = "<group>";
		};
		660712A12B3E15EE00EDBAD9 /* Financial Overview */ = {
			isa = PBXGroup;
			children = (
				660712A22B3E162A00EDBAD9 /* FinancialOverviewView.swift */,
			);
			path = "Financial Overview";
			sourceTree = "<group>";
		};
		660712A82B3E17D700EDBAD9 /* Transaction List */ = {
			isa = PBXGroup;
			children = (
				660712A92B3E17F000EDBAD9 /* TransactionListView.swift */,
			);
			path = "Transaction List";
			sourceTree = "<group>";
		};
		6685A9EC2B32180E00E3344A /* Subcategory Detail */ = {
			isa = PBXGroup;
			children = (
				6685A9EF2B321DD500E3344A /* SubcategoryTransactionList.swift */,
				66F70F052B297EBF00484011 /* SubcategoryDetailView.swift */,
				6685A9ED2B32184D00E3344A /* NewTransactionSubmission.swift */,
			);
			path = "Subcategory Detail";
			sourceTree = "<group>";
		};
		66EC8DDD2B26BE7400DE835D = {
			isa = PBXGroup;
			children = (
				66EC8DE82B26BE7400DE835D /* Expense-Tracker */,
				66EC8DE72B26BE7400DE835D /* Products */,
			);
			sourceTree = "<group>";
		};
		66EC8DE72B26BE7400DE835D /* Products */ = {
			isa = PBXGroup;
			children = (
				66EC8DE62B26BE7400DE835D /* Expense-Tracker.app */,
			);
			name = Products;
			sourceTree = "<group>";
		};
		66EC8DE82B26BE7400DE835D /* Expense-Tracker */ = {
			isa = PBXGroup;
			children = (
				66F70F042B297E9B00484011 /* Views */,
				66F70F032B297B0B00484011 /* Screens */,
				66F70F022B297AF300484011 /* Model */,
				66EC8DE92B26BE7400DE835D /* Expense_TrackerApp.swift */,
				66EC8DED2B26BE7700DE835D /* Assets.xcassets */,
				66EC8DEF2B26BE7700DE835D /* Preview Content */,
			);
			path = "Expense-Tracker";
			sourceTree = "<group>";
		};
		66EC8DEF2B26BE7700DE835D /* Preview Content */ = {
			isa = PBXGroup;
			children = (
				66EC8DF02B26BE7700DE835D /* Preview Assets.xcassets */,
			);
			path = "Preview Content";
			sourceTree = "<group>";
		};
		66F70F022B297AF300484011 /* Model */ = {
			isa = PBXGroup;
			children = (
				665A2B222B34E1C1003627EA /* UserData.swift */,
				665A2B202B34DA20003627EA /* DefaultData.swift */,
				66B2B0932B278434001E9813 /* Category.swift */,
				66F70EFE2B296BB300484011 /* Subcategory.swift */,
				66F70F002B2970A600484011 /* TransactionItem.swift */,
			);
			path = Model;
			sourceTree = "<group>";
		};
		66F70F032B297B0B00484011 /* Screens */ = {
			isa = PBXGroup;
			children = (
				660712A82B3E17D700EDBAD9 /* Transaction List */,
				660712A12B3E15EE00EDBAD9 /* Financial Overview */,
				660712A02B3E158500EDBAD9 /* Profile Settings */,
				6685A9EC2B32180E00E3344A /* Subcategory Detail */,
				6607129D2B3D13E400EDBAD9 /* Subcategroy Grid */,
				6607129E2B3D141600EDBAD9 /* ExpenseTabView.swift */,
			);
			path = Screens;
			sourceTree = "<group>";
		};
		66F70F042B297E9B00484011 /* Views */ = {
			isa = PBXGroup;
			children = (
				66EC8DF72B274AD000DE835D /* SubcategoryGridCell.swift */,
				66F70F092B2AC42D00484011 /* TransactionListCell.swift */,
			);
			path = Views;
			sourceTree = "<group>";
		};
/* End PBXGroup section */

/* Begin PBXNativeTarget section */
		66EC8DE52B26BE7400DE835D /* Expense-Tracker */ = {
			isa = PBXNativeTarget;
			buildConfigurationList = 66EC8DF42B26BE7700DE835D /* Build configuration list for PBXNativeTarget "Expense-Tracker" */;
			buildPhases = (
				66EC8DE22B26BE7400DE835D /* Sources */,
				66EC8DE32B26BE7400DE835D /* Frameworks */,
				66EC8DE42B26BE7400DE835D /* Resources */,
			);
			buildRules = (
			);
			dependencies = (
			);
			name = "Expense-Tracker";
			productName = "Expense-Tracker";
			productReference = 66EC8DE62B26BE7400DE835D /* Expense-Tracker.app */;
			productType = "com.apple.product-type.application";
		};
/* End PBXNativeTarget section */

/* Begin PBXProject section */
		66EC8DDE2B26BE7400DE835D /* Project object */ = {
			isa = PBXProject;
			attributes = {
				BuildIndependentTargetsInParallel = 1;
				LastSwiftUpdateCheck = 1500;
				LastUpgradeCheck = 1500;
				TargetAttributes = {
					66EC8DE52B26BE7400DE835D = {
						CreatedOnToolsVersion = 15.0.1;
					};
				};
			};
			buildConfigurationList = 66EC8DE12B26BE7400DE835D /* Build configuration list for PBXProject "Expense-Tracker" */;
			compatibilityVersion = "Xcode 14.0";
			developmentRegion = en;
			hasScannedForEncodings = 0;
			knownRegions = (
				en,
				Base,
			);
			mainGroup = 66EC8DDD2B26BE7400DE835D;
			productRefGroup = 66EC8DE72B26BE7400DE835D /* Products */;
			projectDirPath = "";
			projectRoot = "";
			targets = (
				66EC8DE52B26BE7400DE835D /* Expense-Tracker */,
			);
		};
/* End PBXProject section */

/* Begin PBXResourcesBuildPhase section */
		66EC8DE42B26BE7400DE835D /* Resources */ = {
			isa = PBXResourcesBuildPhase;
			buildActionMask = 2147483647;
			files = (
				66EC8DF12B26BE7700DE835D /* Preview Assets.xcassets in Resources */,
				66EC8DEE2B26BE7700DE835D /* Assets.xcassets in Resources */,
			);
			runOnlyForDeploymentPostprocessing = 0;
		};
/* End PBXResourcesBuildPhase section */

/* Begin PBXSourcesBuildPhase section */
		66EC8DE22B26BE7400DE835D /* Sources */ = {
			isa = PBXSourcesBuildPhase;
			buildActionMask = 2147483647;
			files = (
				665A2B232B34E1C1003627EA /* UserData.swift in Sources */,
				660712AA2B3E17F000EDBAD9 /* TransactionListView.swift in Sources */,
				6607129F2B3D141600EDBAD9 /* ExpenseTabView.swift in Sources */,
				66B2B08E2B276686001E9813 /* SubcategoryGridView.swift in Sources */,
				660712A72B3E168C00EDBAD9 /* ProfileSettingsView.swift in Sources */,
				6685A9EE2B32184D00E3344A /* NewTransactionSubmission.swift in Sources */,
				66EC8DEA2B26BE7400DE835D /* Expense_TrackerApp.swift in Sources */,
				665A2B212B34DA20003627EA /* DefaultData.swift in Sources */,
				66F70F0A2B2AC42D00484011 /* TransactionListCell.swift in Sources */,
				66EC8DF82B274AD000DE835D /* SubcategoryGridCell.swift in Sources */,
				6685A9F02B321DD500E3344A /* SubcategoryTransactionList.swift in Sources */,
				66F70F012B2970A600484011 /* TransactionItem.swift in Sources */,
				66F70F062B297EBF00484011 /* SubcategoryDetailView.swift in Sources */,
				66F70EFF2B296BB300484011 /* Subcategory.swift in Sources */,
				66B2B0942B278434001E9813 /* Category.swift in Sources */,
				660712A32B3E162A00EDBAD9 /* FinancialOverviewView.swift in Sources */,
			);
			runOnlyForDeploymentPostprocessing = 0;
		};
/* End PBXSourcesBuildPhase section */

/* Begin XCBuildConfiguration section */
		66EC8DF22B26BE7700DE835D /* Debug */ = {
			isa = XCBuildConfiguration;
			buildSettings = {
				ALWAYS_SEARCH_USER_PATHS = NO;
				ASSETCATALOG_COMPILER_GENERATE_SWIFT_ASSET_SYMBOL_EXTENSIONS = YES;
				CLANG_ANALYZER_NONNULL = YES;
				CLANG_ANALYZER_NUMBER_OBJECT_CONVERSION = YES_AGGRESSIVE;
				CLANG_CXX_LANGUAGE_STANDARD = "gnu++20";
				CLANG_ENABLE_MODULES = YES;
				CLANG_ENABLE_OBJC_ARC = YES;
				CLANG_ENABLE_OBJC_WEAK = YES;
				CLANG_WARN_BLOCK_CAPTURE_AUTORELEASING = YES;
				CLANG_WARN_BOOL_CONVERSION = YES;
				CLANG_WARN_COMMA = YES;
				CLANG_WARN_CONSTANT_CONVERSION = YES;
				CLANG_WARN_DEPRECATED_OBJC_IMPLEMENTATIONS = YES;
				CLANG_WARN_DIRECT_OBJC_ISA_USAGE = YES_ERROR;
				CLANG_WARN_DOCUMENTATION_COMMENTS = YES;
				CLANG_WARN_EMPTY_BODY = YES;
				CLANG_WARN_ENUM_CONVERSION = YES;
				CLANG_WARN_INFINITE_RECURSION = YES;
				CLANG_WARN_INT_CONVERSION = YES;
				CLANG_WARN_NON_LITERAL_NULL_CONVERSION = YES;
				CLANG_WARN_OBJC_IMPLICIT_RETAIN_SELF = YES;
				CLANG_WARN_OBJC_LITERAL_CONVERSION = YES;
				CLANG_WARN_OBJC_ROOT_CLASS = YES_ERROR;
				CLANG_WARN_QUOTED_INCLUDE_IN_FRAMEWORK_HEADER = YES;
				CLANG_WARN_RANGE_LOOP_ANALYSIS = YES;
				CLANG_WARN_STRICT_PROTOTYPES = YES;
				CLANG_WARN_SUSPICIOUS_MOVE = YES;
				CLANG_WARN_UNGUARDED_AVAILABILITY = YES_AGGRESSIVE;
				CLANG_WARN_UNREACHABLE_CODE = YES;
				CLANG_WARN__DUPLICATE_METHOD_MATCH = YES;
				COPY_PHASE_STRIP = NO;
				DEBUG_INFORMATION_FORMAT = dwarf;
				ENABLE_STRICT_OBJC_MSGSEND = YES;
				ENABLE_TESTABILITY = YES;
				ENABLE_USER_SCRIPT_SANDBOXING = YES;
				GCC_C_LANGUAGE_STANDARD = gnu17;
				GCC_DYNAMIC_NO_PIC = NO;
				GCC_NO_COMMON_BLOCKS = YES;
				GCC_OPTIMIZATION_LEVEL = 0;
				GCC_PREPROCESSOR_DEFINITIONS = (
					"DEBUG=1",
					"$(inherited)",
				);
				GCC_WARN_64_TO_32_BIT_CONVERSION = YES;
				GCC_WARN_ABOUT_RETURN_TYPE = YES_ERROR;
				GCC_WARN_UNDECLARED_SELECTOR = YES;
				GCC_WARN_UNINITIALIZED_AUTOS = YES_AGGRESSIVE;
				GCC_WARN_UNUSED_FUNCTION = YES;
				GCC_WARN_UNUSED_VARIABLE = YES;
				IPHONEOS_DEPLOYMENT_TARGET = 17.0;
				LOCALIZATION_PREFERS_STRING_CATALOGS = YES;
				MTL_ENABLE_DEBUG_INFO = INCLUDE_SOURCE;
				MTL_FAST_MATH = YES;
				ONLY_ACTIVE_ARCH = YES;
				SDKROOT = iphoneos;
				SWIFT_ACTIVE_COMPILATION_CONDITIONS = "DEBUG $(inherited)";
				SWIFT_OPTIMIZATION_LEVEL = "-Onone";
			};
			name = Debug;
		};
		66EC8DF32B26BE7700DE835D /* Release */ = {
			isa = XCBuildConfiguration;
			buildSettings = {
				ALWAYS_SEARCH_USER_PATHS = NO;
				ASSETCATALOG_COMPILER_GENERATE_SWIFT_ASSET_SYMBOL_EXTENSIONS = YES;
				CLANG_ANALYZER_NONNULL = YES;
				CLANG_ANALYZER_NUMBER_OBJECT_CONVERSION = YES_AGGRESSIVE;
				CLANG_CXX_LANGUAGE_STANDARD = "gnu++20";
				CLANG_ENABLE_MODULES = YES;
				CLANG_ENABLE_OBJC_ARC = YES;
				CLANG_ENABLE_OBJC_WEAK = YES;
				CLANG_WARN_BLOCK_CAPTURE_AUTORELEASING = YES;
				CLANG_WARN_BOOL_CONVERSION = YES;
				CLANG_WARN_COMMA = YES;
				CLANG_WARN_CONSTANT_CONVERSION = YES;
				CLANG_WARN_DEPRECATED_OBJC_IMPLEMENTATIONS = YES;
				CLANG_WARN_DIRECT_OBJC_ISA_USAGE = YES_ERROR;
				CLANG_WARN_DOCUMENTATION_COMMENTS = YES;
				CLANG_WARN_EMPTY_BODY = YES;
				CLANG_WARN_ENUM_CONVERSION = YES;
				CLANG_WARN_INFINITE_RECURSION = YES;
				CLANG_WARN_INT_CONVERSION = YES;
				CLANG_WARN_NON_LITERAL_NULL_CONVERSION = YES;
				CLANG_WARN_OBJC_IMPLICIT_RETAIN_SELF = YES;
				CLANG_WARN_OBJC_LITERAL_CONVERSION = YES;
				CLANG_WARN_OBJC_ROOT_CLASS = YES_ERROR;
				CLANG_WARN_QUOTED_INCLUDE_IN_FRAMEWORK_HEADER = YES;
				CLANG_WARN_RANGE_LOOP_ANALYSIS = YES;
				CLANG_WARN_STRICT_PROTOTYPES = YES;
				CLANG_WARN_SUSPICIOUS_MOVE = YES;
				CLANG_WARN_UNGUARDED_AVAILABILITY = YES_AGGRESSIVE;
				CLANG_WARN_UNREACHABLE_CODE = YES;
				CLANG_WARN__DUPLICATE_METHOD_MATCH = YES;
				COPY_PHASE_STRIP = NO;
				DEBUG_INFORMATION_FORMAT = "dwarf-with-dsym";
				ENABLE_NS_ASSERTIONS = NO;
				ENABLE_STRICT_OBJC_MSGSEND = YES;
				ENABLE_USER_SCRIPT_SANDBOXING = YES;
				GCC_C_LANGUAGE_STANDARD = gnu17;
				GCC_NO_COMMON_BLOCKS = YES;
				GCC_WARN_64_TO_32_BIT_CONVERSION = YES;
				GCC_WARN_ABOUT_RETURN_TYPE = YES_ERROR;
				GCC_WARN_UNDECLARED_SELECTOR = YES;
				GCC_WARN_UNINITIALIZED_AUTOS = YES_AGGRESSIVE;
				GCC_WARN_UNUSED_FUNCTION = YES;
				GCC_WARN_UNUSED_VARIABLE = YES;
				IPHONEOS_DEPLOYMENT_TARGET = 17.0;
				LOCALIZATION_PREFERS_STRING_CATALOGS = YES;
				MTL_ENABLE_DEBUG_INFO = NO;
				MTL_FAST_MATH = YES;
				SDKROOT = iphoneos;
				SWIFT_COMPILATION_MODE = wholemodule;
				VALIDATE_PRODUCT = YES;
			};
			name = Release;
		};
		66EC8DF52B26BE7700DE835D /* Debug */ = {
			isa = XCBuildConfiguration;
			buildSettings = {
				ASSETCATALOG_COMPILER_APPICON_NAME = AppIcon;
				ASSETCATALOG_COMPILER_GLOBAL_ACCENT_COLOR_NAME = AccentColor;
				CODE_SIGN_STYLE = Automatic;
				CURRENT_PROJECT_VERSION = 1;
				DEVELOPMENT_ASSET_PATHS = "\"Expense-Tracker/Preview Content\"";
				DEVELOPMENT_TEAM = 4966TGSVAG;
				ENABLE_PREVIEWS = YES;
				GENERATE_INFOPLIST_FILE = YES;
				INFOPLIST_KEY_UIApplicationSceneManifest_Generation = YES;
				INFOPLIST_KEY_UIApplicationSupportsIndirectInputEvents = YES;
				INFOPLIST_KEY_UILaunchScreen_Generation = YES;
				INFOPLIST_KEY_UISupportedInterfaceOrientations_iPad = "UIInterfaceOrientationPortrait UIInterfaceOrientationPortraitUpsideDown UIInterfaceOrientationLandscapeLeft UIInterfaceOrientationLandscapeRight";
				INFOPLIST_KEY_UISupportedInterfaceOrientations_iPhone = "UIInterfaceOrientationPortrait UIInterfaceOrientationLandscapeLeft UIInterfaceOrientationLandscapeRight";
				LD_RUNPATH_SEARCH_PATHS = (
					"$(inherited)",
					"@executable_path/Frameworks",
				);
				MARKETING_VERSION = 1.0;
				PRODUCT_BUNDLE_IDENTIFIER = "learn.Expense-Tracker";
				PRODUCT_NAME = "$(TARGET_NAME)";
				SWIFT_EMIT_LOC_STRINGS = YES;
				SWIFT_VERSION = 5.0;
				TARGETED_DEVICE_FAMILY = "1,2";
			};
			name = Debug;
		};
		66EC8DF62B26BE7700DE835D /* Release */ = {
			isa = XCBuildConfiguration;
			buildSettings = {
				ASSETCATALOG_COMPILER_APPICON_NAME = AppIcon;
				ASSETCATALOG_COMPILER_GLOBAL_ACCENT_COLOR_NAME = AccentColor;
				CODE_SIGN_STYLE = Automatic;
				CURRENT_PROJECT_VERSION = 1;
				DEVELOPMENT_ASSET_PATHS = "\"Expense-Tracker/Preview Content\"";
				DEVELOPMENT_TEAM = 4966TGSVAG;
				ENABLE_PREVIEWS = YES;
				GENERATE_INFOPLIST_FILE = YES;
				INFOPLIST_KEY_UIApplicationSceneManifest_Generation = YES;
				INFOPLIST_KEY_UIApplicationSupportsIndirectInputEvents = YES;
				INFOPLIST_KEY_UILaunchScreen_Generation = YES;
				INFOPLIST_KEY_UISupportedInterfaceOrientations_iPad = "UIInterfaceOrientationPortrait UIInterfaceOrientationPortraitUpsideDown UIInterfaceOrientationLandscapeLeft UIInterfaceOrientationLandscapeRight";
				INFOPLIST_KEY_UISupportedInterfaceOrientations_iPhone = "UIInterfaceOrientationPortrait UIInterfaceOrientationLandscapeLeft UIInterfaceOrientationLandscapeRight";
				LD_RUNPATH_SEARCH_PATHS = (
					"$(inherited)",
					"@executable_path/Frameworks",
				);
				MARKETING_VERSION = 1.0;
				PRODUCT_BUNDLE_IDENTIFIER = "learn.Expense-Tracker";
				PRODUCT_NAME = "$(TARGET_NAME)";
				SWIFT_EMIT_LOC_STRINGS = YES;
				SWIFT_VERSION = 5.0;
				TARGETED_DEVICE_FAMILY = "1,2";
			};
			name = Release;
		};
/* End XCBuildConfiguration section */

/* Begin XCConfigurationList section */
		66EC8DE12B26BE7400DE835D /* Build configuration list for PBXProject "Expense-Tracker" */ = {
			isa = XCConfigurationList;
			buildConfigurations = (
				66EC8DF22B26BE7700DE835D /* Debug */,
				66EC8DF32B26BE7700DE835D /* Release */,
			);
			defaultConfigurationIsVisible = 0;
			defaultConfigurationName = Release;
		};
		66EC8DF42B26BE7700DE835D /* Build configuration list for PBXNativeTarget "Expense-Tracker" */ = {
			isa = XCConfigurationList;
			buildConfigurations = (
				66EC8DF52B26BE7700DE835D /* Debug */,
				66EC8DF62B26BE7700DE835D /* Release */,
			);
			defaultConfigurationIsVisible = 0;
			defaultConfigurationName = Release;
		};
/* End XCConfigurationList section */
	};
	rootObject = 66EC8DDE2B26BE7400DE835D /* Project object */;
}
